
Microsoft Visual Studio Solution File, Format Version 12.00
# Visual Studio Version 17
VisualStudioVersion = 17.8.34330.188
MinimumVisualStudioVersion = 10.0.40219.1
Project("{9A19103F-16F7-4668-BE54-9A1E7A4F7556}") = "WWDemo.Api", "WWDemo.Api\WWDemo.Api.csproj", "{9731FB31-CD06-44A1-BD6B-311EA7EDF481}"
EndProject
Project("{9A19103F-16F7-4668-BE54-9A1E7A4F7556}") = "WWDemo.Models", "WWDemo.Models\WWDemo.Models.csproj", "{208535DC-C413-4C94-B116-706C0FFCD9B2}"
EndProject
Project("{9A19103F-16F7-4668-BE54-9A1E7A4F7556}") = "WWDemo.Data", "WWDemo.Data\WWDemo.Data.csproj", "{58B669FE-A0E3-41AA-BC6B-ECE50523A2FF}"
EndProject
Project("{E53339B2-1760-4266-BCC7-CA923CBCF16C}") = "docker-compose", "docker-compose.dcproj", "{6317314C-0FAC-4833-9B2D-721040BDDF8B}"
EndProject
Project("{9A19103F-16F7-4668-BE54-9A1E7A4F7556}") = "WWDemo.MigrationRunner", "WWDemo.MigrationRunner\WWDemo.MigrationRunner.csproj", "{3BFDA660-7DD9-4F8F-AA90-6F558732438B}"
EndProject
Project("{FAE04EC0-301F-11D3-BF4B-00C04F79EFBC}") = "WWDemo.Application", "..\WWDemo.Application\WWDemo.Application.csproj", "{41FC4E31-7F3E-429F-AB01-A33612EE4C7C}"
EndProject
Global
	GlobalSection(SolutionConfigurationPlatforms) = preSolution
		Debug|Any CPU = Debug|Any CPU
		Release|Any CPU = Release|Any CPU
	EndGlobalSection
	GlobalSection(ProjectConfigurationPlatforms) = postSolution
		{9731FB31-CD06-44A1-BD6B-311EA7EDF481}.Debug|Any CPU.ActiveCfg = Debug|Any CPU
		{9731FB31-CD06-44A1-BD6B-311EA7EDF481}.Debug|Any CPU.Build.0 = Debug|Any CPU
		{9731FB31-CD06-44A1-BD6B-311EA7EDF481}.Release|Any CPU.ActiveCfg = Release|Any CPU
		{9731FB31-CD06-44A1-BD6B-311EA7EDF481}.Release|Any CPU.Build.0 = Release|Any CPU
		{208535DC-C413-4C94-B116-706C0FFCD9B2}.Debug|Any CPU.ActiveCfg = Debug|Any CPU
		{208535DC-C413-4C94-B116-706C0FFCD9B2}.Debug|Any CPU.Build.0 = Debug|Any CPU
		{208535DC-C413-4C94-B116-706C0FFCD9B2}.Release|Any CPU.ActiveCfg = Release|Any CPU
		{208535DC-C413-4C94-B116-706C0FFCD9B2}.Release|Any CPU.Build.0 = Release|Any CPU
		{58B669FE-A0E3-41AA-BC6B-ECE50523A2FF}.Debug|Any CPU.ActiveCfg = Debug|Any CPU
		{58B669FE-A0E3-41AA-BC6B-ECE50523A2FF}.Debug|Any CPU.Build.0 = Debug|Any CPU
		{58B669FE-A0E3-41AA-BC6B-ECE50523A2FF}.Release|Any CPU.ActiveCfg = Release|Any CPU
		{58B669FE-A0E3-41AA-BC6B-ECE50523A2FF}.Release|Any CPU.Build.0 = Release|Any CPU
		{6317314C-0FAC-4833-9B2D-721040BDDF8B}.Debug|Any CPU.ActiveCfg = Debug|Any CPU
		{6317314C-0FAC-4833-9B2D-721040BDDF8B}.Debug|Any CPU.Build.0 = Debug|Any CPU
		{6317314C-0FAC-4833-9B2D-721040BDDF8B}.Release|Any CPU.ActiveCfg = Release|Any CPU
		{6317314C-0FAC-4833-9B2D-721040BDDF8B}.Release|Any CPU.Build.0 = Release|Any CPU
		{3BFDA660-7DD9-4F8F-AA90-6F558732438B}.Debug|Any CPU.ActiveCfg = Debug|Any CPU
		{3BFDA660-7DD9-4F8F-AA90-6F558732438B}.Debug|Any CPU.Build.0 = Debug|Any CPU
		{3BFDA660-7DD9-4F8F-AA90-6F558732438B}.Release|Any CPU.ActiveCfg = Release|Any CPU
		{3BFDA660-7DD9-4F8F-AA90-6F558732438B}.Release|Any CPU.Build.0 = Release|Any CPU
		{41FC4E31-7F3E-429F-AB01-A33612EE4C7C}.Debug|Any CPU.ActiveCfg = Debug|Any CPU
		{41FC4E31-7F3E-429F-AB01-A33612EE4C7C}.Debug|Any CPU.Build.0 = Debug|Any CPU
		{41FC4E31-7F3E-429F-AB01-A33612EE4C7C}.Release|Any CPU.ActiveCfg = Release|Any CPU
		{41FC4E31-7F3E-429F-AB01-A33612EE4C7C}.Release|Any CPU.Build.0 = Release|Any CPU
	EndGlobalSection
	GlobalSection(SolutionProperties) = preSolution
		HideSolutionNode = FALSE
	EndGlobalSection
	GlobalSection(ExtensibilityGlobals) = postSolution
		SolutionGuid = {3DFDAD61-F15B-433B-8CE5-D88E8688F11D}
	EndGlobalSection
EndGlobal
